// !$*UTF8*$!
{
	archiveVersion = 1;
	classes = {
	};
	objectVersion = 46;
	objects = {

/* Begin PBXBuildFile section */
		DF3B4E001DED167C00B977B6 /* main.m in Sources */ = {isa = PBXBuildFile; fileRef = DF3B4DFF1DED167C00B977B6 /* main.m */; };
		DF3B4E031DED167C00B977B6 /* AppDelegate.m in Sources */ = {isa = PBXBuildFile; fileRef = DF3B4E021DED167C00B977B6 /* AppDelegate.m */; };
		DF3B4E061DED167C00B977B6 /* ViewController.m in Sources */ = {isa = PBXBuildFile; fileRef = DF3B4E051DED167C00B977B6 /* ViewController.m */; };
		DF3B4E091DED167C00B977B6 /* Main.storyboard in Resources */ = {isa = PBXBuildFile; fileRef = DF3B4E071DED167C00B977B6 /* Main.storyboard */; };
		DF3B4E0B1DED167C00B977B6 /* Assets.xcassets in Resources */ = {isa = PBXBuildFile; fileRef = DF3B4E0A1DED167C00B977B6 /* Assets.xcassets */; };
		DF3B4E0E1DED167C00B977B6 /* LaunchScreen.storyboard in Resources */ = {isa = PBXBuildFile; fileRef = DF3B4E0C1DED167C00B977B6 /* LaunchScreen.storyboard */; };
		DF3B4E191DED167C00B977B6 /* SandboxDemoTests.m in Sources */ = {isa = PBXBuildFile; fileRef = DF3B4E181DED167C00B977B6 /* SandboxDemoTests.m */; };
		DF3B4E241DED167C00B977B6 /* SandboxDemoUITests.m in Sources */ = {isa = PBXBuildFile; fileRef = DF3B4E231DED167C00B977B6 /* SandboxDemoUITests.m */; };
		DF3B4E321DED1D5F00B977B6 /* month.png in Resources */ = {isa = PBXBuildFile; fileRef = DF3B4E311DED1D5F00B977B6 /* month.png */; };
		DF3B4E351DED261C00B977B6 /* Person.m in Sources */ = {isa = PBXBuildFile; fileRef = DF3B4E341DED261C00B977B6 /* Person.m */; };
		DFB7B0921DEEC917006C9F5A /* libGrowing.a in Frameworks */ = {isa = PBXBuildFile; fileRef = DFB7B0911DEEC917006C9F5A /* libGrowing.a */; };
/* End PBXBuildFile section */

/* Begin PBXContainerItemProxy section */
		DF3B4E151DED167C00B977B6 /* PBXContainerItemProxy */ = {
			isa = PBXContainerItemProxy;
			containerPortal = DF3B4DF31DED167C00B977B6 /* Project object */;
			proxyType = 1;
			remoteGlobalIDString = DF3B4DFA1DED167C00B977B6;
			remoteInfo = SandboxDemo;
		};
		DF3B4E201DED167C00B977B6 /* PBXContainerItemProxy */ = {
			isa = PBXContainerItemProxy;
			containerPortal = DF3B4DF31DED167C00B977B6 /* Project object */;
			proxyType = 1;
			remoteGlobalIDString = DF3B4DFA1DED167C00B977B6;
			remoteInfo = SandboxDemo;
		};
/* End PBXContainerItemProxy section */

/* Begin PBXFileReference section */
		DF3B4DFB1DED167C00B977B6 /* SandboxDemo.app */ = {isa = PBXFileReference; explicitFileType = wrapper.application; includeInIndex = 0; path = SandboxDemo.app; sourceTree = BUILT_PRODUCTS_DIR; };
		DF3B4DFF1DED167C00B977B6 /* main.m */ = {isa = PBXFileReference; lastKnownFileType = sourcecode.c.objc; path = main.m; sourceTree = "<group>"; };
		DF3B4E011DED167C00B977B6 /* AppDelegate.h */ = {isa = PBXFileReference; lastKnownFileType = sourcecode.c.h; path = AppDelegate.h; sourceTree = "<group>"; };
		DF3B4E021DED167C00B977B6 /* AppDelegate.m */ = {isa = PBXFileReference; lastKnownFileType = sourcecode.c.objc; path = AppDelegate.m; sourceTree = "<group>"; };
		DF3B4E041DED167C00B977B6 /* ViewController.h */ = {isa = PBXFileReference; lastKnownFileType = sourcecode.c.h; path = ViewController.h; sourceTree = "<group>"; };
		DF3B4E051DED167C00B977B6 /* ViewController.m */ = {isa = PBXFileReference; lastKnownFileType = sourcecode.c.objc; path = ViewController.m; sourceTree = "<group>"; };
		DF3B4E081DED167C00B977B6 /* Base */ = {isa = PBXFileReference; lastKnownFileType = file.storyboard; name = Base; path = Base.lproj/Main.storyboard; sourceTree = "<group>"; };
		DF3B4E0A1DED167C00B977B6 /* Assets.xcassets */ = {isa = PBXFileReference; lastKnownFileType = folder.assetcatalog; path = Assets.xcassets; sourceTree = "<group>"; };
		DF3B4E0D1DED167C00B977B6 /* Base */ = {isa = PBXFileReference; lastKnownFileType = file.storyboard; name = Base; path = Base.lproj/LaunchScreen.storyboard; sourceTree = "<group>"; };
		DF3B4E0F1DED167C00B977B6 /* Info.plist */ = {isa = PBXFileReference; lastKnownFileType = text.plist.xml; path = Info.plist; sourceTree = "<group>"; };
		DF3B4E141DED167C00B977B6 /* SandboxDemoTests.xctest */ = {isa = PBXFileReference; explicitFileType = wrapper.cfbundle; includeInIndex = 0; path = SandboxDemoTests.xctest; sourceTree = BUILT_PRODUCTS_DIR; };
		DF3B4E181DED167C00B977B6 /* SandboxDemoTests.m */ = {isa = PBXFileReference; lastKnownFileType = sourcecode.c.objc; path = SandboxDemoTests.m; sourceTree = "<group>"; };
		DF3B4E1A1DED167C00B977B6 /* Info.plist */ = {isa = PBXFileReference; lastKnownFileType = text.plist.xml; path = Info.plist; sourceTree = "<group>"; };
		DF3B4E1F1DED167C00B977B6 /* SandboxDemoUITests.xctest */ = {isa = PBXFileReference; explicitFileType = wrapper.cfbundle; includeInIndex = 0; path = SandboxDemoUITests.xctest; sourceTree = BUILT_PRODUCTS_DIR; };
		DF3B4E231DED167C00B977B6 /* SandboxDemoUITests.m */ = {isa = PBXFileReference; lastKnownFileType = sourcecode.c.objc; path = SandboxDemoUITests.m; sourceTree = "<group>"; };
		DF3B4E251DED167C00B977B6 /* Info.plist */ = {isa = PBXFileReference; lastKnownFileType = text.plist.xml; path = Info.plist; sourceTree = "<group>"; };
		DF3B4E311DED1D5F00B977B6 /* month.png */ = {isa = PBXFileReference; lastKnownFileType = image.png; path = month.png; sourceTree = "<group>"; };
		DF3B4E331DED261C00B977B6 /* Person.h */ = {isa = PBXFileReference; fileEncoding = 4; lastKnownFileType = sourcecode.c.h; path = Person.h; sourceTree = "<group>"; };
		DF3B4E341DED261C00B977B6 /* Person.m */ = {isa = PBXFileReference; fileEncoding = 4; lastKnownFileType = sourcecode.c.objc; path = Person.m; sourceTree = "<group>"; };
		DFB7B0911DEEC917006C9F5A /* libGrowing.a */ = {isa = PBXFileReference; lastKnownFileType = archive.ar; path = libGrowing.a; sourceTree = "<group>"; };
		DFB7B0931DEEC92A006C9F5A /* Growing.h */ = {isa = PBXFileReference; lastKnownFileType = sourcecode.c.h; path = Growing.h; sourceTree = "<group>"; };
/* End PBXFileReference section */

/* Begin PBXFrameworksBuildPhase section */
		DF3B4DF81DED167C00B977B6 /* Frameworks */ = {
			isa = PBXFrameworksBuildPhase;
			buildActionMask = 2147483647;
			files = (
				DFB7B0921DEEC917006C9F5A /* libGrowing.a in Frameworks */,
			);
			runOnlyForDeploymentPostprocessing = 0;
		};
		DF3B4E111DED167C00B977B6 /* Frameworks */ = {
			isa = PBXFrameworksBuildPhase;
			buildActionMask = 2147483647;
			files = (
			);
			runOnlyForDeploymentPostprocessing = 0;
		};
		DF3B4E1C1DED167C00B977B6 /* Frameworks */ = {
			isa = PBXFrameworksBuildPhase;
			buildActionMask = 2147483647;
			files = (
			);
			runOnlyForDeploymentPostprocessing = 0;
		};
/* End PBXFrameworksBuildPhase section */

/* Begin PBXGroup section */
		DF3B4DF21DED167C00B977B6 = {
			isa = PBXGroup;
			children = (
				DF3B4DFD1DED167C00B977B6 /* SandboxDemo */,
				DF3B4E171DED167C00B977B6 /* SandboxDemoTests */,
				DF3B4E221DED167C00B977B6 /* SandboxDemoUITests */,
				DF3B4DFC1DED167C00B977B6 /* Products */,
			);
			sourceTree = "<group>";
		};
		DF3B4DFC1DED167C00B977B6 /* Products */ = {
			isa = PBXGroup;
			children = (
				DF3B4DFB1DED167C00B977B6 /* SandboxDemo.app */,
				DF3B4E141DED167C00B977B6 /* SandboxDemoTests.xctest */,
				DF3B4E1F1DED167C00B977B6 /* SandboxDemoUITests.xctest */,
			);
			name = Products;
			sourceTree = "<group>";
		};
		DF3B4DFD1DED167C00B977B6 /* SandboxDemo */ = {
			isa = PBXGroup;
			children = (
				DF3B4E011DED167C00B977B6 /* AppDelegate.h */,
				DF3B4E021DED167C00B977B6 /* AppDelegate.m */,
				DF3B4E041DED167C00B977B6 /* ViewController.h */,
				DF3B4E051DED167C00B977B6 /* ViewController.m */,
				DF3B4E311DED1D5F00B977B6 /* month.png */,
				DF3B4E331DED261C00B977B6 /* Person.h */,
				DF3B4E341DED261C00B977B6 /* Person.m */,
				DF3B4E071DED167C00B977B6 /* Main.storyboard */,
				DF3B4E0A1DED167C00B977B6 /* Assets.xcassets */,
				DF3B4E0C1DED167C00B977B6 /* LaunchScreen.storyboard */,
				DF3B4E0F1DED167C00B977B6 /* Info.plist */,
				DF3B4DFE1DED167C00B977B6 /* Supporting Files */,
			);
			path = SandboxDemo;
			sourceTree = "<group>";
		};
		DF3B4DFE1DED167C00B977B6 /* Supporting Files */ = {
			isa = PBXGroup;
			children = (
				DFB7B0911DEEC917006C9F5A /* libGrowing.a */,
				DFB7B0931DEEC92A006C9F5A /* Growing.h */,
				DF3B4DFF1DED167C00B977B6 /* main.m */,
			);
			name = "Supporting Files";
			sourceTree = "<group>";
		};
		DF3B4E171DED167C00B977B6 /* SandboxDemoTests */ = {
			isa = PBXGroup;
			children = (
				DF3B4E181DED167C00B977B6 /* SandboxDemoTests.m */,
				DF3B4E1A1DED167C00B977B6 /* Info.plist */,
			);
			path = SandboxDemoTests;
			sourceTree = "<group>";
		};
		DF3B4E221DED167C00B977B6 /* SandboxDemoUITests */ = {
			isa = PBXGroup;
			children = (
				DF3B4E231DED167C00B977B6 /* SandboxDemoUITests.m */,
				DF3B4E251DED167C00B977B6 /* Info.plist */,
			);
			path = SandboxDemoUITests;
			sourceTree = "<group>";
		};
/* End PBXGroup section */

/* Begin PBXNativeTarget section */
		DF3B4DFA1DED167C00B977B6 /* SandboxDemo */ = {
			isa = PBXNativeTarget;
			buildConfigurationList = DF3B4E281DED167C00B977B6 /* Build configuration list for PBXNativeTarget "SandboxDemo" */;
			buildPhases = (
				DF3B4DF71DED167C00B977B6 /* Sources */,
				DF3B4DF81DED167C00B977B6 /* Frameworks */,
				DF3B4DF91DED167C00B977B6 /* Resources */,
			);
			buildRules = (
			);
			dependencies = (
			);
			name = SandboxDemo;
			productName = SandboxDemo;
			productReference = DF3B4DFB1DED167C00B977B6 /* SandboxDemo.app */;
			productType = "com.apple.product-type.application";
		};
		DF3B4E131DED167C00B977B6 /* SandboxDemoTests */ = {
			isa = PBXNativeTarget;
			buildConfigurationList = DF3B4E2B1DED167C00B977B6 /* Build configuration list for PBXNativeTarget "SandboxDemoTests" */;
			buildPhases = (
				DF3B4E101DED167C00B977B6 /* Sources */,
				DF3B4E111DED167C00B977B6 /* Frameworks */,
				DF3B4E121DED167C00B977B6 /* Resources */,
			);
			buildRules = (
			);
			dependencies = (
				DF3B4E161DED167C00B977B6 /* PBXTargetDependency */,
			);
			name = SandboxDemoTests;
			productName = SandboxDemoTests;
			productReference = DF3B4E141DED167C00B977B6 /* SandboxDemoTests.xctest */;
			productType = "com.apple.product-type.bundle.unit-test";
		};
		DF3B4E1E1DED167C00B977B6 /* SandboxDemoUITests */ = {
			isa = PBXNativeTarget;
			buildConfigurationList = DF3B4E2E1DED167C00B977B6 /* Build configuration list for PBXNativeTarget "SandboxDemoUITests" */;
			buildPhases = (
				DF3B4E1B1DED167C00B977B6 /* Sources */,
				DF3B4E1C1DED167C00B977B6 /* Frameworks */,
				DF3B4E1D1DED167C00B977B6 /* Resources */,
			);
			buildRules = (
			);
			dependencies = (
				DF3B4E211DED167C00B977B6 /* PBXTargetDependency */,
			);
			name = SandboxDemoUITests;
			productName = SandboxDemoUITests;
			productReference = DF3B4E1F1DED167C00B977B6 /* SandboxDemoUITests.xctest */;
			productType = "com.apple.product-type.bundle.ui-testing";
		};
/* End PBXNativeTarget section */

/* Begin PBXProject section */
		DF3B4DF31DED167C00B977B6 /* Project object */ = {
			isa = PBXProject;
			attributes = {
				LastUpgradeCheck = 0730;
				ORGANIZATIONNAME = dhp;
				TargetAttributes = {
					DF3B4DFA1DED167C00B977B6 = {
						CreatedOnToolsVersion = 7.3.1;
					};
					DF3B4E131DED167C00B977B6 = {
						CreatedOnToolsVersion = 7.3.1;
						TestTargetID = DF3B4DFA1DED167C00B977B6;
					};
					DF3B4E1E1DED167C00B977B6 = {
						CreatedOnToolsVersion = 7.3.1;
						TestTargetID = DF3B4DFA1DED167C00B977B6;
					};
				};
			};
			buildConfigurationList = DF3B4DF61DED167C00B977B6 /* Build configuration list for PBXProject "SandboxDemo" */;
			compatibilityVersion = "Xcode 3.2";
			developmentRegion = English;
			hasScannedForEncodings = 0;
			knownRegions = (
				en,
				Base,
			);
			mainGroup = DF3B4DF21DED167C00B977B6;
			productRefGroup = DF3B4DFC1DED167C00B977B6 /* Products */;
			projectDirPath = "";
			projectRoot = "";
			targets = (
				DF3B4DFA1DED167C00B977B6 /* SandboxDemo */,
				DF3B4E131DED167C00B977B6 /* SandboxDemoTests */,
				DF3B4E1E1DED167C00B977B6 /* SandboxDemoUITests */,
			);
		};
/* End PBXProject section */

/* Begin PBXResourcesBuildPhase section */
		DF3B4DF91DED167C00B977B6 /* Resources */ = {
			isa = PBXResourcesBuildPhase;
			buildActionMask = 2147483647;
			files = (
				DF3B4E321DED1D5F00B977B6 /* month.png in Resources */,
				DF3B4E0E1DED167C00B977B6 /* LaunchScreen.storyboard in Resources */,
				DF3B4E0B1DED167C00B977B6 /* Assets.xcassets in Resources */,
				DF3B4E091DED167C00B977B6 /* Main.storyboard in Resources */,
			);
			runOnlyForDeploymentPostprocessing = 0;
		};
		DF3B4E121DED167C00B977B6 /* Resources */ = {
			isa = PBXResourcesBuildPhase;
			buildActionMask = 2147483647;
			files = (
			);
			runOnlyForDeploymentPostprocessing = 0;
		};
		DF3B4E1D1DED167C00B977B6 /* Resources */ = {
			isa = PBXResourcesBuildPhase;
			buildActionMask = 2147483647;
			files = (
			);
			runOnlyForDeploymentPostprocessing = 0;
		};
/* End PBXResourcesBuildPhase section */

/* Begin PBXSourcesBuildPhase section */
		DF3B4DF71DED167C00B977B6 /* Sources */ = {
			isa = PBXSourcesBuildPhase;
			buildActionMask = 2147483647;
			files = (
				DF3B4E061DED167C00B977B6 /* ViewController.m in Sources */,
				DF3B4E031DED167C00B977B6 /* AppDelegate.m in Sources */,
				DF3B4E351DED261C00B977B6 /* Person.m in Sources */,
				DF3B4E001DED167C00B977B6 /* main.m in Sources */,
			);
			runOnlyForDeploymentPostprocessing = 0;
		};
		DF3B4E101DED167C00B977B6 /* Sources */ = {
			isa = PBXSourcesBuildPhase;
			buildActionMask = 2147483647;
			files = (
				DF3B4E191DED167C00B977B6 /* SandboxDemoTests.m in Sources */,
			);
			runOnlyForDeploymentPostprocessing = 0;
		};
		DF3B4E1B1DED167C00B977B6 /* Sources */ = {
			isa = PBXSourcesBuildPhase;
			buildActionMask = 2147483647;
			files = (
				DF3B4E241DED167C00B977B6 /* SandboxDemoUITests.m in Sources */,
			);
			runOnlyForDeploymentPostprocessing = 0;
		};
/* End PBXSourcesBuildPhase section */

/* Begin PBXTargetDependency section */
		DF3B4E161DED167C00B977B6 /* PBXTargetDependency */ = {
			isa = PBXTargetDependency;
			target = DF3B4DFA1DED167C00B977B6 /* SandboxDemo */;
			targetProxy = DF3B4E151DED167C00B977B6 /* PBXContainerItemProxy */;
		};
		DF3B4E211DED167C00B977B6 /* PBXTargetDependency */ = {
			isa = PBXTargetDependency;
			target = DF3B4DFA1DED167C00B977B6 /* SandboxDemo */;
			targetProxy = DF3B4E201DED167C00B977B6 /* PBXContainerItemProxy */;
		};
/* End PBXTargetDependency section */

/* Begin PBXVariantGroup section */
		DF3B4E071DED167C00B977B6 /* Main.storyboard */ = {
			isa = PBXVariantGroup;
			children = (
				DF3B4E081DED167C00B977B6 /* Base */,
			);
			name = Main.storyboard;
			sourceTree = "<group>";
		};
		DF3B4E0C1DED167C00B977B6 /* LaunchScreen.storyboard */ = {
			isa = PBXVariantGroup;
			children = (
				DF3B4E0D1DED167C00B977B6 /* Base */,
			);
			name = LaunchScreen.storyboard;
			sourceTree = "<group>";
		};
/* End PBXVariantGroup section */

/* Begin XCBuildConfiguration section */
		DF3B4E261DED167C00B977B6 /* Debug */ = {
			isa = XCBuildConfiguration;
			buildSettings = {
				ALWAYS_SEARCH_USER_PATHS = NO;
				CLANG_ANALYZER_NONNULL = YES;
				CLANG_CXX_LANGUAGE_STANDARD = "gnu++0x";
				CLANG_CXX_LIBRARY = "libc++";
				CLANG_ENABLE_MODULES = YES;
				CLANG_ENABLE_OBJC_ARC = YES;
				CLANG_WARN_BOOL_CONVERSION = YES;
				CLANG_WARN_CONSTANT_CONVERSION = YES;
				CLANG_WARN_DIRECT_OBJC_ISA_USAGE = YES_ERROR;
				CLANG_WARN_EMPTY_BODY = YES;
				CLANG_WARN_ENUM_CONVERSION = YES;
				CLANG_WARN_INT_CONVERSION = YES;
				CLANG_WARN_OBJC_ROOT_CLASS = YES_ERROR;
				CLANG_WARN_UNREACHABLE_CODE = YES;
				CLANG_WARN__DUPLICATE_METHOD_MATCH = YES;
				"CODE_SIGN_IDENTITY[sdk=iphoneos*]" = "iPhone Developer";
				COPY_PHASE_STRIP = NO;
				DEBUG_INFORMATION_FORMAT = dwarf;
				ENABLE_STRICT_OBJC_MSGSEND = YES;
				ENABLE_TESTABILITY = YES;
				GCC_C_LANGUAGE_STANDARD = gnu99;
				GCC_DYNAMIC_NO_PIC = NO;
				GCC_NO_COMMON_BLOCKS = YES;
				GCC_OPTIMIZATION_LEVEL = 0;
				GCC_PREPROCESSOR_DEFINITIONS = (
					"DEBUG=1",
					"$(inherited)",
				);
				GCC_WARN_64_TO_32_BIT_CONVERSION = YES;
				GCC_WARN_ABOUT_RETURN_TYPE = YES_ERROR;
				GCC_WARN_UNDECLARED_SELECTOR = YES;
				GCC_WARN_UNINITIALIZED_AUTOS = YES_AGGRESSIVE;
				GCC_WARN_UNUSED_FUNCTION = YES;
				GCC_WARN_UNUSED_VARIABLE = YES;
				IPHONEOS_DEPLOYMENT_TARGET = 9.3;
				MTL_ENABLE_DEBUG_INFO = YES;
				ONLY_ACTIVE_ARCH = YES;
				SDKROOT = iphoneos;
			};
			name = Debug;
		};
		DF3B4E271DED167C00B977B6 /* Release */ = {
			isa = XCBuildConfiguration;
			buildSettings = {
				ALWAYS_SEARCH_USER_PATHS = NO;
				CLANG_ANALYZER_NONNULL = YES;
				CLANG_CXX_LANGUAGE_STANDARD = "gnu++0x";
				CLANG_CXX_LIBRARY = "libc++";
				CLANG_ENABLE_MODULES = YES;
				CLANG_ENABLE_OBJC_ARC = YES;
				CLANG_WARN_BOOL_CONVERSION = YES;
				CLANG_WARN_CONSTANT_CONVERSION = YES;
				CLANG_WARN_DIRECT_OBJC_ISA_USAGE = YES_ERROR;
				CLANG_WARN_EMPTY_BODY = YES;
				CLANG_WARN_ENUM_CONVERSION = YES;
				CLANG_WARN_INT_CONVERSION = YES;
				CLANG_WARN_OBJC_ROOT_CLASS = YES_ERROR;
				CLANG_WARN_UNREACHABLE_CODE = YES;
				CLANG_WARN__DUPLICATE_METHOD_MATCH = YES;
				"CODE_SIGN_IDENTITY[sdk=iphoneos*]" = "iPhone Developer";
				COPY_PHASE_STRIP = NO;
				DEBUG_INFORMATION_FORMAT = "dwarf-with-dsym";
				ENABLE_NS_ASSERTIONS = NO;
				ENABLE_STRICT_OBJC_MSGSEND = YES;
				GCC_C_LANGUAGE_STANDARD = gnu99;
				GCC_NO_COMMON_BLOCKS = YES;
				GCC_WARN_64_TO_32_BIT_CONVERSION = YES;
				GCC_WARN_ABOUT_RETURN_TYPE = YES_ERROR;
				GCC_WARN_UNDECLARED_SELECTOR = YES;
				GCC_WARN_UNINITIALIZED_AUTOS = YES_AGGRESSIVE;
				GCC_WARN_UNUSED_FUNCTION = YES;
				GCC_WARN_UNUSED_VARIABLE = YES;
				IPHONEOS_DEPLOYMENT_TARGET = 9.3;
				MTL_ENABLE_DEBUG_INFO = NO;
				SDKROOT = iphoneos;
				VALIDATE_PRODUCT = YES;
			};
			name = Release;
		};
		DF3B4E291DED167C00B977B6 /* Debug */ = {
			isa = XCBuildConfiguration;
			buildSettings = {
				ASSETCATALOG_COMPILER_APPICON_NAME = AppIcon;
				INFOPLIST_FILE = SandboxDemo/Info.plist;
				LD_RUNPATH_SEARCH_PATHS = "$(inherited) @executable_path/Frameworks";
				LIBRARY_SEARCH_PATHS = (
					"$(inherited)",
					"$(PROJECT_DIR)/SandboxDemo",
				);
				PRODUCT_BUNDLE_IDENTIFIER = com.dhp.SandboxDemo;
				PRODUCT_NAME = "$(TARGET_NAME)";
			};
			name = Debug;
		};
		DF3B4E2A1DED167C00B977B6 /* Release */ = {
			isa = XCBuildConfiguration;
			buildSettings = {
				ASSETCATALOG_COMPILER_APPICON_NAME = AppIcon;
				INFOPLIST_FILE = SandboxDemo/Info.plist;
				LD_RUNPATH_SEARCH_PATHS = "$(inherited) @executable_path/Frameworks";
				LIBRARY_SEARCH_PATHS = (
					"$(inherited)",
					"$(PROJECT_DIR)/SandboxDemo",
				);
				PRODUCT_BUNDLE_IDENTIFIER = com.dhp.SandboxDemo;
				PRODUCT_NAME = "$(TARGET_NAME)";
			};
			name = Release;
		};
		DF3B4E2C1DED167C00B977B6 /* Debug */ = {
			isa = XCBuildConfiguration;
			buildSettings = {
				BUNDLE_LOADER = "$(TEST_HOST)";
				INFOPLIST_FILE = SandboxDemoTests/Info.plist;
				LD_RUNPATH_SEARCH_PATHS = "$(inherited) @executable_path/Frameworks @loader_path/Frameworks";
				PRODUCT_BUNDLE_IDENTIFIER = com.dhp.SandboxDemoTests;
				PRODUCT_NAME = "$(TARGET_NAME)";
				TEST_HOST = "$(BUILT_PRODUCTS_DIR)/SandboxDemo.app/SandboxDemo";
			};
			name = Debug;
		};
		DF3B4E2D1DED167C00B977B6 /* Release */ = {
			isa = XCBuildConfiguration;
			buildSettings = {
				BUNDLE_LOADER = "$(TEST_HOST)";
				INFOPLIST_FILE = SandboxDemoTests/Info.plist;
				LD_RUNPATH_SEARCH_PATHS = "$(inherited) @executable_path/Frameworks @loader_path/Frameworks";
				PRODUCT_BUNDLE_IDENTIFIER = com.dhp.SandboxDemoTests;
				PRODUCT_NAME = "$(TARGET_NAME)";
				TEST_HOST = "$(BUILT_PRODUCTS_DIR)/SandboxDemo.app/SandboxDemo";
			};
			name = Release;
		};
		DF3B4E2F1DED167C00B977B6 /* Debug */ = {
			isa = XCBuildConfiguration;
			buildSettings = {
				INFOPLIST_FILE = SandboxDemoUITests/Info.plist;
				LD_RUNPATH_SEARCH_PATHS = "$(inherited) @executable_path/Frameworks @loader_path/Frameworks";
				PRODUCT_BUNDLE_IDENTIFIER = com.dhp.SandboxDemoUITests;
				PRODUCT_NAME = "$(TARGET_NAME)";
				TEST_TARGET_NAME = SandboxDemo;
			};
			name = Debug;
		};
		DF3B4E301DED167C00B977B6 /* Release */ = {
			isa = XCBuildConfiguration;
			buildSettings = {
				INFOPLIST_FILE = SandboxDemoUITests/Info.plist;
				LD_RUNPATH_SEARCH_PATHS = "$(inherited) @executable_path/Frameworks @loader_path/Frameworks";
				PRODUCT_BUNDLE_IDENTIFIER = com.dhp.SandboxDemoUITests;
				PRODUCT_NAME = "$(TARGET_NAME)";
				TEST_TARGET_NAME = SandboxDemo;
			};
			name = Release;
		};
/* End XCBuildConfiguration section */

/* Begin XCConfigurationList section */
		DF3B4DF61DED167C00B977B6 /* Build configuration list for PBXProject "SandboxDemo" */ = {
			isa = XCConfigurationList;
			buildConfigurations = (
				DF3B4E261DED167C00B977B6 /* Debug */,
				DF3B4E271DED167C00B977B6 /* Release */,
			);
			defaultConfigurationIsVisible = 0;
			defaultConfigurationName = Release;
		};
		DF3B4E281DED167C00B977B6 /* Build configuration list for PBXNativeTarget "SandboxDemo" */ = {
			isa = XCConfigurationList;
			buildConfigurations = (
				DF3B4E291DED167C00B977B6 /* Debug */,
				DF3B4E2A1DED167C00B977B6 /* Release */,
			);
			defaultConfigurationIsVisible = 0;
			defaultConfigurationName = Release;
		};
		DF3B4E2B1DED167C00B977B6 /* Build configuration list for PBXNativeTarget "SandboxDemoTests" */ = {
			isa = XCConfigurationList;
			buildConfigurations = (
				DF3B4E2C1DED167C00B977B6 /* Debug */,
				DF3B4E2D1DED167C00B977B6 /* Release */,
			);
			defaultConfigurationIsVisible = 0;
			defaultConfigurationName = Release;
		};
		DF3B4E2E1DED167C00B977B6 /* Build configuration list for PBXNativeTarget "SandboxDemoUITests" */ = {
			isa = XCConfigurationList;
			buildConfigurations = (
				DF3B4E2F1DED167C00B977B6 /* Debug */,
				DF3B4E301DED167C00B977B6 /* Release */,
			);
			defaultConfigurationIsVisible = 0;
			defaultConfigurationName = Release;
		};
/* End XCConfigurationList section */
	};
	rootObject = DF3B4DF31DED167C00B977B6 /* Project object */;
}
